
Microsoft Visual Studio Solution File, Format Version 12.00
# Visual Studio Version 17
VisualStudioVersion = 17.14.36401.2 d17.14
MinimumVisualStudioVersion = 10.0.40219.1
Project("{FAE04EC0-301F-11D3-BF4B-00C04F79EFBC}") = "OrdersAPI", "OrdersAPI.csproj", "{A706D77C-A25F-40B2-AC47-111E0B5A4F18}"
EndProject
Project("{FAE04EC0-301F-11D3-BF4B-00C04F79EFBC}") = "OrdersEntities", "..\OrdersEntities\OrdersEntities.csproj", "{AAB6EA01-4504-4B16-A8F9-09A76A287193}"
EndProject
Global
	GlobalSection(SolutionConfigurationPlatforms) = preSolution
		Debug|Any CPU = Debug|Any CPU
		Release|Any CPU = Release|Any CPU
	EndGlobalSection
	GlobalSection(ProjectConfigurationPlatforms) = postSolution
		{A706D77C-A25F-40B2-AC47-111E0B5A4F18}.Debug|Any CPU.ActiveCfg = Debug|Any CPU
		{A706D77C-A25F-40B2-AC47-111E0B5A4F18}.Debug|Any CPU.Build.0 = Debug|Any CPU
		{A706D77C-A25F-40B2-AC47-111E0B5A4F18}.Release|Any CPU.ActiveCfg = Release|Any CPU
		{A706D77C-A25F-40B2-AC47-111E0B5A4F18}.Release|Any CPU.Build.0 = Release|Any CPU
		{AAB6EA01-4504-4B16-A8F9-09A76A287193}.Debug|Any CPU.ActiveCfg = Debug|Any CPU
		{AAB6EA01-4504-4B16-A8F9-09A76A287193}.Debug|Any CPU.Build.0 = Debug|Any CPU
		{AAB6EA01-4504-4B16-A8F9-09A76A287193}.Release|Any CPU.ActiveCfg = Release|Any CPU
		{AAB6EA01-4504-4B16-A8F9-09A76A287193}.Release|Any CPU.Build.0 = Release|Any CPU
	EndGlobalSection
	GlobalSection(SolutionProperties) = preSolution
		HideSolutionNode = FALSE
	EndGlobalSection
	GlobalSection(ExtensibilityGlobals) = postSolution
		SolutionGuid = {C31C2777-CC4B-4EAF-84CF-10029DF550E0}
	EndGlobalSection
EndGlobal
